
Microsoft Visual Studio Solution File, Format Version 12.00
# Visual Studio Version 16
VisualStudioVersion = 16.0.29509.3
MinimumVisualStudioVersion = 10.0.40219.1
Project("{FAE04EC0-301F-11D3-BF4B-00C04F79EFBC}") = "Ubetarepo.Android", "Ubetarepo.Android\Ubetarepo.Android.csproj", "{7E4B7496-E671-4A72-8D6A-17B18F0C86AA}"
EndProject
Project("{FAE04EC0-301F-11D3-BF4B-00C04F79EFBC}") = "Ubetarepo.iOS", "Ubetarepo.iOS\Ubetarepo.iOS.csproj", "{1E837992-B7A6-4DE8-A07C-37DF9FCF6052}"
EndProject
Project("{FAE04EC0-301F-11D3-BF4B-00C04F79EFBC}") = "Ubetarepo", "Ubetarepo\Ubetarepo.csproj", "{4F6F3D8D-8992-4A67-BC5E-93181427C39B}"
EndProject
Global
	GlobalSection(SolutionConfigurationPlatforms) = preSolution
		Debug|Any CPU = Debug|Any CPU
		Debug|iPhone = Debug|iPhone
		Debug|iPhoneSimulator = Debug|iPhoneSimulator
		Release|Any CPU = Release|Any CPU
		Release|iPhone = Release|iPhone
		Release|iPhoneSimulator = Release|iPhoneSimulator
	EndGlobalSection
	GlobalSection(ProjectConfigurationPlatforms) = postSolution
		{7E4B7496-E671-4A72-8D6A-17B18F0C86AA}.Debug|Any CPU.ActiveCfg = Debug|Any CPU
		{7E4B7496-E671-4A72-8D6A-17B18F0C86AA}.Debug|Any CPU.Build.0 = Debug|Any CPU
		{7E4B7496-E671-4A72-8D6A-17B18F0C86AA}.Debug|Any CPU.Deploy.0 = Debug|Any CPU
		{7E4B7496-E671-4A72-8D6A-17B18F0C86AA}.Debug|iPhone.ActiveCfg = Debug|Any CPU
		{7E4B7496-E671-4A72-8D6A-17B18F0C86AA}.Debug|iPhone.Build.0 = Debug|Any CPU
		{7E4B7496-E671-4A72-8D6A-17B18F0C86AA}.Debug|iPhone.Deploy.0 = Debug|Any CPU
		{7E4B7496-E671-4A72-8D6A-17B18F0C86AA}.Debug|iPhoneSimulator.ActiveCfg = Debug|Any CPU
		{7E4B7496-E671-4A72-8D6A-17B18F0C86AA}.Debug|iPhoneSimulator.Build.0 = Debug|Any CPU
		{7E4B7496-E671-4A72-8D6A-17B18F0C86AA}.Debug|iPhoneSimulator.Deploy.0 = Debug|Any CPU
		{7E4B7496-E671-4A72-8D6A-17B18F0C86AA}.Release|Any CPU.ActiveCfg = Release|Any CPU
		{7E4B7496-E671-4A72-8D6A-17B18F0C86AA}.Release|Any CPU.Build.0 = Release|Any CPU
		{7E4B7496-E671-4A72-8D6A-17B18F0C86AA}.Release|Any CPU.Deploy.0 = Release|Any CPU
		{7E4B7496-E671-4A72-8D6A-17B18F0C86AA}.Release|iPhone.ActiveCfg = Release|Any CPU
		{7E4B7496-E671-4A72-8D6A-17B18F0C86AA}.Release|iPhone.Build.0 = Release|Any CPU
		{7E4B7496-E671-4A72-8D6A-17B18F0C86AA}.Release|iPhone.Deploy.0 = Release|Any CPU
		{7E4B7496-E671-4A72-8D6A-17B18F0C86AA}.Release|iPhoneSimulator.ActiveCfg = Release|Any CPU
		{7E4B7496-E671-4A72-8D6A-17B18F0C86AA}.Release|iPhoneSimulator.Build.0 = Release|Any CPU
		{7E4B7496-E671-4A72-8D6A-17B18F0C86AA}.Release|iPhoneSimulator.Deploy.0 = Release|Any CPU
		{1E837992-B7A6-4DE8-A07C-37DF9FCF6052}.Debug|Any CPU.ActiveCfg = Debug|iPhoneSimulator
		{1E837992-B7A6-4DE8-A07C-37DF9FCF6052}.Debug|Any CPU.Build.0 = Debug|iPhoneSimulator
		{1E837992-B7A6-4DE8-A07C-37DF9FCF6052}.Debug|Any CPU.Deploy.0 = Debug|iPhoneSimulator
		{1E837992-B7A6-4DE8-A07C-37DF9FCF6052}.Debug|iPhone.ActiveCfg = Debug|iPhone
		{1E837992-B7A6-4DE8-A07C-37DF9FCF6052}.Debug|iPhone.Build.0 = Debug|iPhone
		{1E837992-B7A6-4DE8-A07C-37DF9FCF6052}.Debug|iPhone.Deploy.0 = Debug|iPhone
		{1E837992-B7A6-4DE8-A07C-37DF9FCF6052}.Debug|iPhoneSimulator.ActiveCfg = Debug|iPhoneSimulator
		{1E837992-B7A6-4DE8-A07C-37DF9FCF6052}.Debug|iPhoneSimulator.Build.0 = Debug|iPhoneSimulator
		{1E837992-B7A6-4DE8-A07C-37DF9FCF6052}.Debug|iPhoneSimulator.Deploy.0 = Debug|iPhoneSimulator
		{1E837992-B7A6-4DE8-A07C-37DF9FCF6052}.Release|Any CPU.ActiveCfg = Release|iPhone
		{1E837992-B7A6-4DE8-A07C-37DF9FCF6052}.Release|Any CPU.Build.0 = Release|iPhone
		{1E837992-B7A6-4DE8-A07C-37DF9FCF6052}.Release|Any CPU.Deploy.0 = Release|iPhone
		{1E837992-B7A6-4DE8-A07C-37DF9FCF6052}.Release|iPhone.ActiveCfg = Release|iPhone
		{1E837992-B7A6-4DE8-A07C-37DF9FCF6052}.Release|iPhone.Build.0 = Release|iPhone
		{1E837992-B7A6-4DE8-A07C-37DF9FCF6052}.Release|iPhone.Deploy.0 = Release|iPhone
		{1E837992-B7A6-4DE8-A07C-37DF9FCF6052}.Release|iPhoneSimulator.ActiveCfg = Release|iPhoneSimulator
		{1E837992-B7A6-4DE8-A07C-37DF9FCF6052}.Release|iPhoneSimulator.Build.0 = Release|iPhoneSimulator
		{1E837992-B7A6-4DE8-A07C-37DF9FCF6052}.Release|iPhoneSimulator.Deploy.0 = Release|iPhoneSimulator
		{4F6F3D8D-8992-4A67-BC5E-93181427C39B}.Debug|Any CPU.ActiveCfg = Debug|Any CPU
		{4F6F3D8D-8992-4A67-BC5E-93181427C39B}.Debug|Any CPU.Build.0 = Debug|Any CPU
		{4F6F3D8D-8992-4A67-BC5E-93181427C39B}.Debug|Any CPU.Deploy.0 = Debug|Any CPU
		{4F6F3D8D-8992-4A67-BC5E-93181427C39B}.Debug|iPhone.ActiveCfg = Debug|Any CPU
		{4F6F3D8D-8992-4A67-BC5E-93181427C39B}.Debug|iPhone.Build.0 = Debug|Any CPU
		{4F6F3D8D-8992-4A67-BC5E-93181427C39B}.Debug|iPhone.Deploy.0 = Debug|Any CPU
		{4F6F3D8D-8992-4A67-BC5E-93181427C39B}.Debug|iPhoneSimulator.ActiveCfg = Debug|Any CPU
		{4F6F3D8D-8992-4A67-BC5E-93181427C39B}.Debug|iPhoneSimulator.Build.0 = Debug|Any CPU
		{4F6F3D8D-8992-4A67-BC5E-93181427C39B}.Debug|iPhoneSimulator.Deploy.0 = Debug|Any CPU
		{4F6F3D8D-8992-4A67-BC5E-93181427C39B}.Release|Any CPU.ActiveCfg = Release|Any CPU
		{4F6F3D8D-8992-4A67-BC5E-93181427C39B}.Release|Any CPU.Build.0 = Release|Any CPU
		{4F6F3D8D-8992-4A67-BC5E-93181427C39B}.Release|Any CPU.Deploy.0 = Release|Any CPU
		{4F6F3D8D-8992-4A67-BC5E-93181427C39B}.Release|iPhone.ActiveCfg = Release|Any CPU
		{4F6F3D8D-8992-4A67-BC5E-93181427C39B}.Release|iPhone.Build.0 = Release|Any CPU
		{4F6F3D8D-8992-4A67-BC5E-93181427C39B}.Release|iPhone.Deploy.0 = Release|Any CPU
		{4F6F3D8D-8992-4A67-BC5E-93181427C39B}.Release|iPhoneSimulator.ActiveCfg = Release|Any CPU
		{4F6F3D8D-8992-4A67-BC5E-93181427C39B}.Release|iPhoneSimulator.Build.0 = Release|Any CPU
		{4F6F3D8D-8992-4A67-BC5E-93181427C39B}.Release|iPhoneSimulator.Deploy.0 = Release|Any CPU
	EndGlobalSection
	GlobalSection(SolutionProperties) = preSolution
		HideSolutionNode = FALSE
	EndGlobalSection
	GlobalSection(ExtensibilityGlobals) = postSolution
		SolutionGuid = {B25A5A2A-8682-4159-B9A7-C22F61684787}
	EndGlobalSection
EndGlobal
